
Microsoft Visual Studio Solution File, Format Version 12.00
# Visual Studio Version 17
VisualStudioVersion = 17.1.32210.238
MinimumVisualStudioVersion = 10.0.40219.1
Project("{8BC9CEB8-8B4A-11D0-8D11-00A0C91BC942}") = "Client", "Client\Client.vcxproj", "{C43EF757-73F0-40C5-893E-AB582AB19E7E}"
EndProject
Project("{8BC9CEB8-8B4A-11D0-8D11-00A0C91BC942}") = "Server", "Server\Server.vcxproj", "{8CA1CE4F-6C75-4BD9-87E6-246E1AD670B1}"
EndProject
Project("{8BC9CEB8-8B4A-11D0-8D11-00A0C91BC942}") = "SharedCode", "SharedCode\SharedCode.vcxitems", "{EC7DA019-7E8C-47EF-A396-19816C2FD1D4}"
EndProject
Global
	GlobalSection(SharedMSBuildProjectFiles) = preSolution
		SharedCode\SharedCode.vcxitems*{8ca1ce4f-6c75-4bd9-87e6-246e1ad670b1}*SharedItemsImports = 4
		SharedCode\SharedCode.vcxitems*{c43ef757-73f0-40c5-893e-ab582ab19e7e}*SharedItemsImports = 4
		SharedCode\SharedCode.vcxitems*{ec7da019-7e8c-47ef-a396-19816c2fd1d4}*SharedItemsImports = 9
	EndGlobalSection
	GlobalSection(SolutionConfigurationPlatforms) = preSolution
		Debug|x64 = Debug|x64
		Debug|x86 = Debug|x86
		Release|x64 = Release|x64
		Release|x86 = Release|x86
	EndGlobalSection
	GlobalSection(ProjectConfigurationPlatforms) = postSolution
		{C43EF757-73F0-40C5-893E-AB582AB19E7E}.Debug|x64.ActiveCfg = Debug|x64
		{C43EF757-73F0-40C5-893E-AB582AB19E7E}.Debug|x64.Build.0 = Debug|x64
		{C43EF757-73F0-40C5-893E-AB582AB19E7E}.Debug|x86.ActiveCfg = Debug|Win32
		{C43EF757-73F0-40C5-893E-AB582AB19E7E}.Debug|x86.Build.0 = Debug|Win32
		{C43EF757-73F0-40C5-893E-AB582AB19E7E}.Release|x64.ActiveCfg = Release|x64
		{C43EF757-73F0-40C5-893E-AB582AB19E7E}.Release|x64.Build.0 = Release|x64
		{C43EF757-73F0-40C5-893E-AB582AB19E7E}.Release|x86.ActiveCfg = Release|Win32
		{C43EF757-73F0-40C5-893E-AB582AB19E7E}.Release|x86.Build.0 = Release|Win32
		{8CA1CE4F-6C75-4BD9-87E6-246E1AD670B1}.Debug|x64.ActiveCfg = Debug|x64
		{8CA1CE4F-6C75-4BD9-87E6-246E1AD670B1}.Debug|x64.Build.0 = Debug|x64
		{8CA1CE4F-6C75-4BD9-87E6-246E1AD670B1}.Debug|x86.ActiveCfg = Debug|Win32
		{8CA1CE4F-6C75-4BD9-87E6-246E1AD670B1}.Debug|x86.Build.0 = Debug|Win32
		{8CA1CE4F-6C75-4BD9-87E6-246E1AD670B1}.Release|x64.ActiveCfg = Release|x64
		{8CA1CE4F-6C75-4BD9-87E6-246E1AD670B1}.Release|x64.Build.0 = Release|x64
		{8CA1CE4F-6C75-4BD9-87E6-246E1AD670B1}.Release|x86.ActiveCfg = Release|Win32
		{8CA1CE4F-6C75-4BD9-87E6-246E1AD670B1}.Release|x86.Build.0 = Release|Win32
	EndGlobalSection
	GlobalSection(SolutionProperties) = preSolution
		HideSolutionNode = FALSE
	EndGlobalSection
	GlobalSection(ExtensibilityGlobals) = postSolution
		SolutionGuid = {B8D80A00-EDBA-44C9-BA6B-08CB1CFD9741}
	EndGlobalSection
EndGlobal
